
Microsoft Visual Studio Solution File, Format Version 12.00
# Visual Studio Version 17
VisualStudioVersion = 17.14.36109.1 d17.14
MinimumVisualStudioVersion = 10.0.40219.1
Project("{FAE04EC0-301F-11D3-BF4B-00C04F79EFBC}") = "AGE-VERIFICATION-PROJECT", "AGE-VERIFICATION-PROJECT\AGE-VERIFICATION-PROJECT.csproj", "{7616DBC0-96F6-4458-9293-1722D40D0F69}"
EndProject
Global
	GlobalSection(SolutionConfigurationPlatforms) = preSolution
		Debug|Any CPU = Debug|Any CPU
		Release|Any CPU = Release|Any CPU
	EndGlobalSection
	GlobalSection(ProjectConfigurationPlatforms) = postSolution
		{7616DBC0-96F6-4458-9293-1722D40D0F69}.Debug|Any CPU.ActiveCfg = Debug|Any CPU
		{7616DBC0-96F6-4458-9293-1722D40D0F69}.Debug|Any CPU.Build.0 = Debug|Any CPU
		{7616DBC0-96F6-4458-9293-1722D40D0F69}.Release|Any CPU.ActiveCfg = Release|Any CPU
		{7616DBC0-96F6-4458-9293-1722D40D0F69}.Release|Any CPU.Build.0 = Release|Any CPU
	EndGlobalSection
	GlobalSection(SolutionProperties) = preSolution
		HideSolutionNode = FALSE
	EndGlobalSection
	GlobalSection(ExtensibilityGlobals) = postSolution
		SolutionGuid = {8D23FF0B-A692-4539-B61B-716D280ADD0A}
	EndGlobalSection
EndGlobal
