
Microsoft Visual Studio Solution File, Format Version 12.00
# Visual Studio Version 17
VisualStudioVersion = 17.14.36109.1 d17.14
MinimumVisualStudioVersion = 10.0.40219.1
Project("{FAE04EC0-301F-11D3-BF4B-00C04F79EFBC}") = "STUDENT DETAIL IN NESTED LOOP", "STUDENT DETAIL IN NESTED LOOP\STUDENT DETAIL IN NESTED LOOP.csproj", "{CE2F7E43-3826-41BE-84FE-3354F3392DB9}"
EndProject
Global
	GlobalSection(SolutionConfigurationPlatforms) = preSolution
		Debug|Any CPU = Debug|Any CPU
		Release|Any CPU = Release|Any CPU
	EndGlobalSection
	GlobalSection(ProjectConfigurationPlatforms) = postSolution
		{CE2F7E43-3826-41BE-84FE-3354F3392DB9}.Debug|Any CPU.ActiveCfg = Debug|Any CPU
		{CE2F7E43-3826-41BE-84FE-3354F3392DB9}.Debug|Any CPU.Build.0 = Debug|Any CPU
		{CE2F7E43-3826-41BE-84FE-3354F3392DB9}.Release|Any CPU.ActiveCfg = Release|Any CPU
		{CE2F7E43-3826-41BE-84FE-3354F3392DB9}.Release|Any CPU.Build.0 = Release|Any CPU
	EndGlobalSection
	GlobalSection(SolutionProperties) = preSolution
		HideSolutionNode = FALSE
	EndGlobalSection
	GlobalSection(ExtensibilityGlobals) = postSolution
		SolutionGuid = {B9AAF656-79D4-4836-97F3-D0A1E133D351}
	EndGlobalSection
EndGlobal
