
Microsoft Visual Studio Solution File, Format Version 12.00
# Visual Studio Version 17
VisualStudioVersion = 17.14.36221.1 d17.14
MinimumVisualStudioVersion = 10.0.40219.1
Project("{FAE04EC0-301F-11D3-BF4B-00C04F79EFBC}") = "CRUD(PRODUCTS)", "CRUD(PRODUCTS)\CRUD(PRODUCTS).csproj", "{D3ABC3AC-FADA-4EF1-8F0F-17446EE18D58}"
EndProject
Global
	GlobalSection(SolutionConfigurationPlatforms) = preSolution
		Debug|Any CPU = Debug|Any CPU
		Release|Any CPU = Release|Any CPU
	EndGlobalSection
	GlobalSection(ProjectConfigurationPlatforms) = postSolution
		{D3ABC3AC-FADA-4EF1-8F0F-17446EE18D58}.Debug|Any CPU.ActiveCfg = Debug|Any CPU
		{D3ABC3AC-FADA-4EF1-8F0F-17446EE18D58}.Debug|Any CPU.Build.0 = Debug|Any CPU
		{D3ABC3AC-FADA-4EF1-8F0F-17446EE18D58}.Release|Any CPU.ActiveCfg = Release|Any CPU
		{D3ABC3AC-FADA-4EF1-8F0F-17446EE18D58}.Release|Any CPU.Build.0 = Release|Any CPU
	EndGlobalSection
	GlobalSection(SolutionProperties) = preSolution
		HideSolutionNode = FALSE
	EndGlobalSection
	GlobalSection(ExtensibilityGlobals) = postSolution
		SolutionGuid = {DC4B82F3-41CB-4267-8AAA-549642E11562}
	EndGlobalSection
EndGlobal
