
Microsoft Visual Studio Solution File, Format Version 12.00
# Visual Studio Version 17
VisualStudioVersion = 17.14.36109.1 d17.14
MinimumVisualStudioVersion = 10.0.40219.1
Project("{FAE04EC0-301F-11D3-BF4B-00C04F79EFBC}") = "ADD,SUB,MUL,DIV THROUGH SWITCH STATEMENT", "ADD,SUB,MUL,DIV THROUGH SWITCH STATEMENT\ADD,SUB,MUL,DIV THROUGH SWITCH STATEMENT.csproj", "{956E46D6-2793-4E68-A796-9278D6639262}"
EndProject
Global
	GlobalSection(SolutionConfigurationPlatforms) = preSolution
		Debug|Any CPU = Debug|Any CPU
		Release|Any CPU = Release|Any CPU
	EndGlobalSection
	GlobalSection(ProjectConfigurationPlatforms) = postSolution
		{956E46D6-2793-4E68-A796-9278D6639262}.Debug|Any CPU.ActiveCfg = Debug|Any CPU
		{956E46D6-2793-4E68-A796-9278D6639262}.Debug|Any CPU.Build.0 = Debug|Any CPU
		{956E46D6-2793-4E68-A796-9278D6639262}.Release|Any CPU.ActiveCfg = Release|Any CPU
		{956E46D6-2793-4E68-A796-9278D6639262}.Release|Any CPU.Build.0 = Release|Any CPU
	EndGlobalSection
	GlobalSection(SolutionProperties) = preSolution
		HideSolutionNode = FALSE
	EndGlobalSection
	GlobalSection(ExtensibilityGlobals) = postSolution
		SolutionGuid = {E740AEC7-608C-439E-A33E-73E4CE9F04E8}
	EndGlobalSection
EndGlobal
